// !$*UTF8*$!
{
	archiveVersion = 1;
	classes = {
	};
	objectVersion = 50;
	objects = {

/* Begin PBXBuildFile section */
		9E67AF07227AE41200A3FA45 /* AppDelegate.m in Sources */ = {isa = PBXBuildFile; fileRef = 9E67AF06227AE41200A3FA45 /* AppDelegate.m */; };
		9E67AF0A227AE41200A3FA45 /* ViewController.m in Sources */ = {isa = PBXBuildFile; fileRef = 9E67AF09227AE41200A3FA45 /* ViewController.m */; };
		9E67AF0C227AE41300A3FA45 /* Assets.xcassets in Resources */ = {isa = PBXBuildFile; fileRef = 9E67AF0B227AE41300A3FA45 /* Assets.xcassets */; };
		9E67AF0F227AE41300A3FA45 /* Main.storyboard in Resources */ = {isa = PBXBuildFile; fileRef = 9E67AF0D227AE41300A3FA45 /* Main.storyboard */; };
		9E67AF12227AE41300A3FA45 /* main.m in Sources */ = {isa = PBXBuildFile; fileRef = 9E67AF11227AE41300A3FA45 /* main.m */; };
		9E67AF1B227AE4B400A3FA45 /* DBManager.m in Sources */ = {isa = PBXBuildFile; fileRef = 9E67AF1A227AE4B400A3FA45 /* DBManager.m */; };
/* End PBXBuildFile section */

/* Begin PBXFileReference section */
		9E67AF02227AE41200A3FA45 /* SingleToneLab.app */ = {isa = PBXFileReference; explicitFileType = wrapper.application; includeInIndex = 0; path = SingleToneLab.app; sourceTree = BUILT_PRODUCTS_DIR; };
		9E67AF05227AE41200A3FA45 /* AppDelegate.h */ = {isa = PBXFileReference; lastKnownFileType = sourcecode.c.h; path = AppDelegate.h; sourceTree = "<group>"; };
		9E67AF06227AE41200A3FA45 /* AppDelegate.m */ = {isa = PBXFileReference; lastKnownFileType = sourcecode.c.objc; path = AppDelegate.m; sourceTree = "<group>"; };
		9E67AF08227AE41200A3FA45 /* ViewController.h */ = {isa = PBXFileReference; lastKnownFileType = sourcecode.c.h; path = ViewController.h; sourceTree = "<group>"; };
		9E67AF09227AE41200A3FA45 /* ViewController.m */ = {isa = PBXFileReference; lastKnownFileType = sourcecode.c.objc; path = ViewController.m; sourceTree = "<group>"; };
		9E67AF0B227AE41300A3FA45 /* Assets.xcassets */ = {isa = PBXFileReference; lastKnownFileType = folder.assetcatalog; path = Assets.xcassets; sourceTree = "<group>"; };
		9E67AF0E227AE41300A3FA45 /* Base */ = {isa = PBXFileReference; lastKnownFileType = file.storyboard; name = Base; path = Base.lproj/Main.storyboard; sourceTree = "<group>"; };
		9E67AF10227AE41300A3FA45 /* Info.plist */ = {isa = PBXFileReference; lastKnownFileType = text.plist.xml; path = Info.plist; sourceTree = "<group>"; };
		9E67AF11227AE41300A3FA45 /* main.m */ = {isa = PBXFileReference; lastKnownFileType = sourcecode.c.objc; path = main.m; sourceTree = "<group>"; };
		9E67AF13227AE41300A3FA45 /* SingleToneLab.entitlements */ = {isa = PBXFileReference; lastKnownFileType = text.plist.entitlements; path = SingleToneLab.entitlements; sourceTree = "<group>"; };
		9E67AF19227AE4B400A3FA45 /* DBManager.h */ = {isa = PBXFileReference; lastKnownFileType = sourcecode.c.h; path = DBManager.h; sourceTree = "<group>"; };
		9E67AF1A227AE4B400A3FA45 /* DBManager.m */ = {isa = PBXFileReference; lastKnownFileType = sourcecode.c.objc; path = DBManager.m; sourceTree = "<group>"; };
/* End PBXFileReference section */

/* Begin PBXFrameworksBuildPhase section */
		9E67AEFF227AE41200A3FA45 /* Frameworks */ = {
			isa = PBXFrameworksBuildPhase;
			buildActionMask = 2147483647;
			files = (
			);
			runOnlyForDeploymentPostprocessing = 0;
		};
/* End PBXFrameworksBuildPhase section */

/* Begin PBXGroup section */
		9E67AEF9227AE41100A3FA45 = {
			isa = PBXGroup;
			children = (
				9E67AF04227AE41200A3FA45 /* SingleToneLab */,
				9E67AF03227AE41200A3FA45 /* Products */,
			);
			sourceTree = "<group>";
		};
		9E67AF03227AE41200A3FA45 /* Products */ = {
			isa = PBXGroup;
			children = (
				9E67AF02227AE41200A3FA45 /* SingleToneLab.app */,
			);
			name = Products;
			sourceTree = "<group>";
		};
		9E67AF04227AE41200A3FA45 /* SingleToneLab */ = {
			isa = PBXGroup;
			children = (
				9E67AF05227AE41200A3FA45 /* AppDelegate.h */,
				9E67AF06227AE41200A3FA45 /* AppDelegate.m */,
				9E67AF08227AE41200A3FA45 /* ViewController.h */,
				9E67AF09227AE41200A3FA45 /* ViewController.m */,
				9E67AF0B227AE41300A3FA45 /* Assets.xcassets */,
				9E67AF0D227AE41300A3FA45 /* Main.storyboard */,
				9E67AF10227AE41300A3FA45 /* Info.plist */,
				9E67AF11227AE41300A3FA45 /* main.m */,
				9E67AF13227AE41300A3FA45 /* SingleToneLab.entitlements */,
				9E67AF19227AE4B400A3FA45 /* DBManager.h */,
				9E67AF1A227AE4B400A3FA45 /* DBManager.m */,
			);
			path = SingleToneLab;
			sourceTree = "<group>";
		};
/* End PBXGroup section */

/* Begin PBXNativeTarget section */
		9E67AF01227AE41200A3FA45 /* SingleToneLab */ = {
			isa = PBXNativeTarget;
			buildConfigurationList = 9E67AF16227AE41300A3FA45 /* Build configuration list for PBXNativeTarget "SingleToneLab" */;
			buildPhases = (
				9E67AEFE227AE41200A3FA45 /* Sources */,
				9E67AEFF227AE41200A3FA45 /* Frameworks */,
				9E67AF00227AE41200A3FA45 /* Resources */,
			);
			buildRules = (
			);
			dependencies = (
			);
			name = SingleToneLab;
			productName = SingleToneLab;
			productReference = 9E67AF02227AE41200A3FA45 /* SingleToneLab.app */;
			productType = "com.apple.product-type.application";
		};
/* End PBXNativeTarget section */

/* Begin PBXProject section */
		9E67AEFA227AE41100A3FA45 /* Project object */ = {
			isa = PBXProject;
			attributes = {
				LastUpgradeCheck = 1010;
				ORGANIZATIONNAME = ITI;
				TargetAttributes = {
					9E67AF01227AE41200A3FA45 = {
						CreatedOnToolsVersion = 10.1;
					};
				};
			};
			buildConfigurationList = 9E67AEFD227AE41100A3FA45 /* Build configuration list for PBXProject "SingleToneLab" */;
			compatibilityVersion = "Xcode 9.3";
			developmentRegion = en;
			hasScannedForEncodings = 0;
			knownRegions = (
				en,
				Base,
			);
			mainGroup = 9E67AEF9227AE41100A3FA45;
			productRefGroup = 9E67AF03227AE41200A3FA45 /* Products */;
			projectDirPath = "";
			projectRoot = "";
			targets = (
				9E67AF01227AE41200A3FA45 /* SingleToneLab */,
			);
		};
/* End PBXProject section */

/* Begin PBXResourcesBuildPhase section */
		9E67AF00227AE41200A3FA45 /* Resources */ = {
			isa = PBXResourcesBuildPhase;
			buildActionMask = 2147483647;
			files = (
				9E67AF0C227AE41300A3FA45 /* Assets.xcassets in Resources */,
				9E67AF0F227AE41300A3FA45 /* Main.storyboard in Resources */,
			);
			runOnlyForDeploymentPostprocessing = 0;
		};
/* End PBXResourcesBuildPhase section */

/* Begin PBXSourcesBuildPhase section */
		9E67AEFE227AE41200A3FA45 /* Sources */ = {
			isa = PBXSourcesBuildPhase;
			buildActionMask = 2147483647;
			files = (
				9E67AF0A227AE41200A3FA45 /* ViewController.m in Sources */,
				9E67AF12227AE41300A3FA45 /* main.m in Sources */,
				9E67AF07227AE41200A3FA45 /* AppDelegate.m in Sources */,
				9E67AF1B227AE4B400A3FA45 /* DBManager.m in Sources */,
			);
			runOnlyForDeploymentPostprocessing = 0;
		};
/* End PBXSourcesBuildPhase section */

/* Begin PBXVariantGroup section */
		9E67AF0D227AE41300A3FA45 /* Main.storyboard */ = {
			isa = PBXVariantGroup;
			children = (
				9E67AF0E227AE41300A3FA45 /* Base */,
			);
			name = Main.storyboard;
			sourceTree = "<group>";
		};
/* End PBXVariantGroup section */

/* Begin XCBuildConfiguration section */
		9E67AF14227AE41300A3FA45 /* Debug */ = {
			isa = XCBuildConfiguration;
			buildSettings = {
				ALWAYS_SEARCH_USER_PATHS = NO;
				CLANG_ANALYZER_NONNULL = YES;
				CLANG_ANALYZER_NUMBER_OBJECT_CONVERSION = YES_AGGRESSIVE;
				CLANG_CXX_LANGUAGE_STANDARD = "gnu++14";
				CLANG_CXX_LIBRARY = "libc++";
				CLANG_ENABLE_MODULES = YES;
				CLANG_ENABLE_OBJC_ARC = YES;
				CLANG_ENABLE_OBJC_WEAK = YES;
				CLANG_WARN_BLOCK_CAPTURE_AUTORELEASING = YES;
				CLANG_WARN_BOOL_CONVERSION = YES;
				CLANG_WARN_COMMA = YES;
				CLANG_WARN_CONSTANT_CONVERSION = YES;
				CLANG_WARN_DEPRECATED_OBJC_IMPLEMENTATIONS = YES;
				CLANG_WARN_DIRECT_OBJC_ISA_USAGE = YES_ERROR;
				CLANG_WARN_DOCUMENTATION_COMMENTS = YES;
				CLANG_WARN_EMPTY_BODY = YES;
				CLANG_WARN_ENUM_CONVERSION = YES;
				CLANG_WARN_INFINITE_RECURSION = YES;
				CLANG_WARN_INT_CONVERSION = YES;
				CLANG_WARN_NON_LITERAL_NULL_CONVERSION = YES;
				CLANG_WARN_OBJC_IMPLICIT_RETAIN_SELF = YES;
				CLANG_WARN_OBJC_LITERAL_CONVERSION = YES;
				CLANG_WARN_OBJC_ROOT_CLASS = YES_ERROR;
				CLANG_WARN_RANGE_LOOP_ANALYSIS = YES;
				CLANG_WARN_STRICT_PROTOTYPES = YES;
				CLANG_WARN_SUSPICIOUS_MOVE = YES;
				CLANG_WARN_UNGUARDED_AVAILABILITY = YES_AGGRESSIVE;
				CLANG_WARN_UNREACHABLE_CODE = YES;
				CLANG_WARN__DUPLICATE_METHOD_MATCH = YES;
				CODE_SIGN_IDENTITY = "-";
				COPY_PHASE_STRIP = NO;
				DEBUG_INFORMATION_FORMAT = dwarf;
				ENABLE_STRICT_OBJC_MSGSEND = YES;
				ENABLE_TESTABILITY = YES;
				GCC_C_LANGUAGE_STANDARD = gnu11;
				GCC_DYNAMIC_NO_PIC = NO;
				GCC_NO_COMMON_BLOCKS = YES;
				GCC_OPTIMIZATION_LEVEL = 0;
				GCC_PREPROCESSOR_DEFINITIONS = (
					"DEBUG=1",
					"$(inherited)",
				);
				GCC_WARN_64_TO_32_BIT_CONVERSION = YES;
				GCC_WARN_ABOUT_RETURN_TYPE = YES_ERROR;
				GCC_WARN_UNDECLARED_SELECTOR = YES;
				GCC_WARN_UNINITIALIZED_AUTOS = YES_AGGRESSIVE;
				GCC_WARN_UNUSED_FUNCTION = YES;
				GCC_WARN_UNUSED_VARIABLE = YES;
				MACOSX_DEPLOYMENT_TARGET = 10.14;
				MTL_ENABLE_DEBUG_INFO = INCLUDE_SOURCE;
				MTL_FAST_MATH = YES;
				ONLY_ACTIVE_ARCH = YES;
				SDKROOT = macosx;
			};
			name = Debug;
		};
		9E67AF15227AE41300A3FA45 /* Release */ = {
			isa = XCBuildConfiguration;
			buildSettings = {
				ALWAYS_SEARCH_USER_PATHS = NO;
				CLANG_ANALYZER_NONNULL = YES;
				CLANG_ANALYZER_NUMBER_OBJECT_CONVERSION = YES_AGGRESSIVE;
				CLANG_CXX_LANGUAGE_STANDARD = "gnu++14";
				CLANG_CXX_LIBRARY = "libc++";
				CLANG_ENABLE_MODULES = YES;
				CLANG_ENABLE_OBJC_ARC = YES;
				CLANG_ENABLE_OBJC_WEAK = YES;
				CLANG_WARN_BLOCK_CAPTURE_AUTORELEASING = YES;
				CLANG_WARN_BOOL_CONVERSION = YES;
				CLANG_WARN_COMMA = YES;
				CLANG_WARN_CONSTANT_CONVERSION = YES;
				CLANG_WARN_DEPRECATED_OBJC_IMPLEMENTATIONS = YES;
				CLANG_WARN_DIRECT_OBJC_ISA_USAGE = YES_ERROR;
				CLANG_WARN_DOCUMENTATION_COMMENTS = YES;
				CLANG_WARN_EMPTY_BODY = YES;
				CLANG_WARN_ENUM_CONVERSION = YES;
				CLANG_WARN_INFINITE_RECURSION = YES;
				CLANG_WARN_INT_CONVERSION = YES;
				CLANG_WARN_NON_LITERAL_NULL_CONVERSION = YES;
				CLANG_WARN_OBJC_IMPLICIT_RETAIN_SELF = YES;
				CLANG_WARN_OBJC_LITERAL_CONVERSION = YES;
				CLANG_WARN_OBJC_ROOT_CLASS = YES_ERROR;
				CLANG_WARN_RANGE_LOOP_ANALYSIS = YES;
				CLANG_WARN_STRICT_PROTOTYPES = YES;
				CLANG_WARN_SUSPICIOUS_MOVE = YES;
				CLANG_WARN_UNGUARDED_AVAILABILITY = YES_AGGRESSIVE;
				CLANG_WARN_UNREACHABLE_CODE = YES;
				CLANG_WARN__DUPLICATE_METHOD_MATCH = YES;
				CODE_SIGN_IDENTITY = "-";
				COPY_PHASE_STRIP = NO;
				DEBUG_INFORMATION_FORMAT = "dwarf-with-dsym";
				ENABLE_NS_ASSERTIONS = NO;
				ENABLE_STRICT_OBJC_MSGSEND = YES;
				GCC_C_LANGUAGE_STANDARD = gnu11;
				GCC_NO_COMMON_BLOCKS = YES;
				GCC_WARN_64_TO_32_BIT_CONVERSION = YES;
				GCC_WARN_ABOUT_RETURN_TYPE = YES_ERROR;
				GCC_WARN_UNDECLARED_SELECTOR = YES;
				GCC_WARN_UNINITIALIZED_AUTOS = YES_AGGRESSIVE;
				GCC_WARN_UNUSED_FUNCTION = YES;
				GCC_WARN_UNUSED_VARIABLE = YES;
				MACOSX_DEPLOYMENT_TARGET = 10.14;
				MTL_ENABLE_DEBUG_INFO = NO;
				MTL_FAST_MATH = YES;
				SDKROOT = macosx;
			};
			name = Release;
		};
		9E67AF17227AE41300A3FA45 /* Debug */ = {
			isa = XCBuildConfiguration;
			buildSettings = {
				ASSETCATALOG_COMPILER_APPICON_NAME = AppIcon;
				CODE_SIGN_ENTITLEMENTS = SingleToneLab/SingleToneLab.entitlements;
				CODE_SIGN_STYLE = Automatic;
				COMBINE_HIDPI_IMAGES = YES;
				INFOPLIST_FILE = SingleToneLab/Info.plist;
				LD_RUNPATH_SEARCH_PATHS = (
					"$(inherited)",
					"@executable_path/../Frameworks",
				);
				PRODUCT_BUNDLE_IDENTIFIER = "JETS-INTAKE39.SingleToneLab";
				PRODUCT_NAME = "$(TARGET_NAME)";
			};
			name = Debug;
		};
		9E67AF18227AE41300A3FA45 /* Release */ = {
			isa = XCBuildConfiguration;
			buildSettings = {
				ASSETCATALOG_COMPILER_APPICON_NAME = AppIcon;
				CODE_SIGN_ENTITLEMENTS = SingleToneLab/SingleToneLab.entitlements;
				CODE_SIGN_STYLE = Automatic;
				COMBINE_HIDPI_IMAGES = YES;
				INFOPLIST_FILE = SingleToneLab/Info.plist;
				LD_RUNPATH_SEARCH_PATHS = (
					"$(inherited)",
					"@executable_path/../Frameworks",
				);
				PRODUCT_BUNDLE_IDENTIFIER = "JETS-INTAKE39.SingleToneLab";
				PRODUCT_NAME = "$(TARGET_NAME)";
			};
			name = Release;
		};
/* End XCBuildConfiguration section */

/* Begin XCConfigurationList section */
		9E67AEFD227AE41100A3FA45 /* Build configuration list for PBXProject "SingleToneLab" */ = {
			isa = XCConfigurationList;
			buildConfigurations = (
				9E67AF14227AE41300A3FA45 /* Debug */,
				9E67AF15227AE41300A3FA45 /* Release */,
			);
			defaultConfigurationIsVisible = 0;
			defaultConfigurationName = Release;
		};
		9E67AF16227AE41300A3FA45 /* Build configuration list for PBXNativeTarget "SingleToneLab" */ = {
			isa = XCConfigurationList;
			buildConfigurations = (
				9E67AF17227AE41300A3FA45 /* Debug */,
				9E67AF18227AE41300A3FA45 /* Release */,
			);
			defaultConfigurationIsVisible = 0;
			defaultConfigurationName = Release;
		};
/* End XCConfigurationList section */
	};
	rootObject = 9E67AEFA227AE41100A3FA45 /* Project object */;
}
