// !$*UTF8*$!
{
	archiveVersion = 1;
	classes = {
	};
	objectVersion = 50;
	objects = {

/* Begin PBXBuildFile section */
		9EB6AA2A225F8E2D009E2625 /* AppDelegate.m in Sources */ = {isa = PBXBuildFile; fileRef = 9EB6AA29225F8E2D009E2625 /* AppDelegate.m */; };
		9EB6AA2D225F8E2D009E2625 /* ViewController.m in Sources */ = {isa = PBXBuildFile; fileRef = 9EB6AA2C225F8E2D009E2625 /* ViewController.m */; };
		9EB6AA30225F8E2D009E2625 /* Main.storyboard in Resources */ = {isa = PBXBuildFile; fileRef = 9EB6AA2E225F8E2D009E2625 /* Main.storyboard */; };
		9EB6AA32225F8E2E009E2625 /* Assets.xcassets in Resources */ = {isa = PBXBuildFile; fileRef = 9EB6AA31225F8E2E009E2625 /* Assets.xcassets */; };
		9EB6AA35225F8E2E009E2625 /* LaunchScreen.storyboard in Resources */ = {isa = PBXBuildFile; fileRef = 9EB6AA33225F8E2E009E2625 /* LaunchScreen.storyboard */; };
		9EB6AA38225F8E2E009E2625 /* main.m in Sources */ = {isa = PBXBuildFile; fileRef = 9EB6AA37225F8E2E009E2625 /* main.m */; };
/* End PBXBuildFile section */

/* Begin PBXFileReference section */
		9EB6AA25225F8E2D009E2625 /* Validation.app */ = {isa = PBXFileReference; explicitFileType = wrapper.application; includeInIndex = 0; path = Validation.app; sourceTree = BUILT_PRODUCTS_DIR; };
		9EB6AA28225F8E2D009E2625 /* AppDelegate.h */ = {isa = PBXFileReference; lastKnownFileType = sourcecode.c.h; path = AppDelegate.h; sourceTree = "<group>"; };
		9EB6AA29225F8E2D009E2625 /* AppDelegate.m */ = {isa = PBXFileReference; lastKnownFileType = sourcecode.c.objc; path = AppDelegate.m; sourceTree = "<group>"; };
		9EB6AA2B225F8E2D009E2625 /* ViewController.h */ = {isa = PBXFileReference; lastKnownFileType = sourcecode.c.h; path = ViewController.h; sourceTree = "<group>"; };
		9EB6AA2C225F8E2D009E2625 /* ViewController.m */ = {isa = PBXFileReference; lastKnownFileType = sourcecode.c.objc; path = ViewController.m; sourceTree = "<group>"; };
		9EB6AA2F225F8E2D009E2625 /* Base */ = {isa = PBXFileReference; lastKnownFileType = file.storyboard; name = Base; path = Base.lproj/Main.storyboard; sourceTree = "<group>"; };
		9EB6AA31225F8E2E009E2625 /* Assets.xcassets */ = {isa = PBXFileReference; lastKnownFileType = folder.assetcatalog; path = Assets.xcassets; sourceTree = "<group>"; };
		9EB6AA34225F8E2E009E2625 /* Base */ = {isa = PBXFileReference; lastKnownFileType = file.storyboard; name = Base; path = Base.lproj/LaunchScreen.storyboard; sourceTree = "<group>"; };
		9EB6AA36225F8E2E009E2625 /* Info.plist */ = {isa = PBXFileReference; lastKnownFileType = text.plist.xml; path = Info.plist; sourceTree = "<group>"; };
		9EB6AA37225F8E2E009E2625 /* main.m */ = {isa = PBXFileReference; lastKnownFileType = sourcecode.c.objc; path = main.m; sourceTree = "<group>"; };
/* End PBXFileReference section */

/* Begin PBXFrameworksBuildPhase section */
		9EB6AA22225F8E2D009E2625 /* Frameworks */ = {
			isa = PBXFrameworksBuildPhase;
			buildActionMask = 2147483647;
			files = (
			);
			runOnlyForDeploymentPostprocessing = 0;
		};
/* End PBXFrameworksBuildPhase section */

/* Begin PBXGroup section */
		9EB6AA1C225F8E2D009E2625 = {
			isa = PBXGroup;
			children = (
				9EB6AA27225F8E2D009E2625 /* Validation */,
				9EB6AA26225F8E2D009E2625 /* Products */,
			);
			sourceTree = "<group>";
		};
		9EB6AA26225F8E2D009E2625 /* Products */ = {
			isa = PBXGroup;
			children = (
				9EB6AA25225F8E2D009E2625 /* Validation.app */,
			);
			name = Products;
			sourceTree = "<group>";
		};
		9EB6AA27225F8E2D009E2625 /* Validation */ = {
			isa = PBXGroup;
			children = (
				9EB6AA28225F8E2D009E2625 /* AppDelegate.h */,
				9EB6AA29225F8E2D009E2625 /* AppDelegate.m */,
				9EB6AA2B225F8E2D009E2625 /* ViewController.h */,
				9EB6AA2C225F8E2D009E2625 /* ViewController.m */,
				9EB6AA2E225F8E2D009E2625 /* Main.storyboard */,
				9EB6AA31225F8E2E009E2625 /* Assets.xcassets */,
				9EB6AA33225F8E2E009E2625 /* LaunchScreen.storyboard */,
				9EB6AA36225F8E2E009E2625 /* Info.plist */,
				9EB6AA37225F8E2E009E2625 /* main.m */,
			);
			path = Validation;
			sourceTree = "<group>";
		};
/* End PBXGroup section */

/* Begin PBXNativeTarget section */
		9EB6AA24225F8E2D009E2625 /* Validation */ = {
			isa = PBXNativeTarget;
			buildConfigurationList = 9EB6AA3B225F8E2E009E2625 /* Build configuration list for PBXNativeTarget "Validation" */;
			buildPhases = (
				9EB6AA21225F8E2D009E2625 /* Sources */,
				9EB6AA22225F8E2D009E2625 /* Frameworks */,
				9EB6AA23225F8E2D009E2625 /* Resources */,
			);
			buildRules = (
			);
			dependencies = (
			);
			name = Validation;
			productName = Validation;
			productReference = 9EB6AA25225F8E2D009E2625 /* Validation.app */;
			productType = "com.apple.product-type.application";
		};
/* End PBXNativeTarget section */

/* Begin PBXProject section */
		9EB6AA1D225F8E2D009E2625 /* Project object */ = {
			isa = PBXProject;
			attributes = {
				LastUpgradeCheck = 1010;
				ORGANIZATIONNAME = ITI;
				TargetAttributes = {
					9EB6AA24225F8E2D009E2625 = {
						CreatedOnToolsVersion = 10.1;
					};
				};
			};
			buildConfigurationList = 9EB6AA20225F8E2D009E2625 /* Build configuration list for PBXProject "Validation" */;
			compatibilityVersion = "Xcode 9.3";
			developmentRegion = en;
			hasScannedForEncodings = 0;
			knownRegions = (
				en,
				Base,
			);
			mainGroup = 9EB6AA1C225F8E2D009E2625;
			productRefGroup = 9EB6AA26225F8E2D009E2625 /* Products */;
			projectDirPath = "";
			projectRoot = "";
			targets = (
				9EB6AA24225F8E2D009E2625 /* Validation */,
			);
		};
/* End PBXProject section */

/* Begin PBXResourcesBuildPhase section */
		9EB6AA23225F8E2D009E2625 /* Resources */ = {
			isa = PBXResourcesBuildPhase;
			buildActionMask = 2147483647;
			files = (
				9EB6AA35225F8E2E009E2625 /* LaunchScreen.storyboard in Resources */,
				9EB6AA32225F8E2E009E2625 /* Assets.xcassets in Resources */,
				9EB6AA30225F8E2D009E2625 /* Main.storyboard in Resources */,
			);
			runOnlyForDeploymentPostprocessing = 0;
		};
/* End PBXResourcesBuildPhase section */

/* Begin PBXSourcesBuildPhase section */
		9EB6AA21225F8E2D009E2625 /* Sources */ = {
			isa = PBXSourcesBuildPhase;
			buildActionMask = 2147483647;
			files = (
				9EB6AA2D225F8E2D009E2625 /* ViewController.m in Sources */,
				9EB6AA38225F8E2E009E2625 /* main.m in Sources */,
				9EB6AA2A225F8E2D009E2625 /* AppDelegate.m in Sources */,
			);
			runOnlyForDeploymentPostprocessing = 0;
		};
/* End PBXSourcesBuildPhase section */

/* Begin PBXVariantGroup section */
		9EB6AA2E225F8E2D009E2625 /* Main.storyboard */ = {
			isa = PBXVariantGroup;
			children = (
				9EB6AA2F225F8E2D009E2625 /* Base */,
			);
			name = Main.storyboard;
			sourceTree = "<group>";
		};
		9EB6AA33225F8E2E009E2625 /* LaunchScreen.storyboard */ = {
			isa = PBXVariantGroup;
			children = (
				9EB6AA34225F8E2E009E2625 /* Base */,
			);
			name = LaunchScreen.storyboard;
			sourceTree = "<group>";
		};
/* End PBXVariantGroup section */

/* Begin XCBuildConfiguration section */
		9EB6AA39225F8E2E009E2625 /* Debug */ = {
			isa = XCBuildConfiguration;
			buildSettings = {
				ALWAYS_SEARCH_USER_PATHS = NO;
				CLANG_ANALYZER_NONNULL = YES;
				CLANG_ANALYZER_NUMBER_OBJECT_CONVERSION = YES_AGGRESSIVE;
				CLANG_CXX_LANGUAGE_STANDARD = "gnu++14";
				CLANG_CXX_LIBRARY = "libc++";
				CLANG_ENABLE_MODULES = YES;
				CLANG_ENABLE_OBJC_ARC = YES;
				CLANG_ENABLE_OBJC_WEAK = YES;
				CLANG_WARN_BLOCK_CAPTURE_AUTORELEASING = YES;
				CLANG_WARN_BOOL_CONVERSION = YES;
				CLANG_WARN_COMMA = YES;
				CLANG_WARN_CONSTANT_CONVERSION = YES;
				CLANG_WARN_DEPRECATED_OBJC_IMPLEMENTATIONS = YES;
				CLANG_WARN_DIRECT_OBJC_ISA_USAGE = YES_ERROR;
				CLANG_WARN_DOCUMENTATION_COMMENTS = YES;
				CLANG_WARN_EMPTY_BODY = YES;
				CLANG_WARN_ENUM_CONVERSION = YES;
				CLANG_WARN_INFINITE_RECURSION = YES;
				CLANG_WARN_INT_CONVERSION = YES;
				CLANG_WARN_NON_LITERAL_NULL_CONVERSION = YES;
				CLANG_WARN_OBJC_IMPLICIT_RETAIN_SELF = YES;
				CLANG_WARN_OBJC_LITERAL_CONVERSION = YES;
				CLANG_WARN_OBJC_ROOT_CLASS = YES_ERROR;
				CLANG_WARN_RANGE_LOOP_ANALYSIS = YES;
				CLANG_WARN_STRICT_PROTOTYPES = YES;
				CLANG_WARN_SUSPICIOUS_MOVE = YES;
				CLANG_WARN_UNGUARDED_AVAILABILITY = YES_AGGRESSIVE;
				CLANG_WARN_UNREACHABLE_CODE = YES;
				CLANG_WARN__DUPLICATE_METHOD_MATCH = YES;
				CODE_SIGN_IDENTITY = "iPhone Developer";
				COPY_PHASE_STRIP = NO;
				DEBUG_INFORMATION_FORMAT = dwarf;
				ENABLE_STRICT_OBJC_MSGSEND = YES;
				ENABLE_TESTABILITY = YES;
				GCC_C_LANGUAGE_STANDARD = gnu11;
				GCC_DYNAMIC_NO_PIC = NO;
				GCC_NO_COMMON_BLOCKS = YES;
				GCC_OPTIMIZATION_LEVEL = 0;
				GCC_PREPROCESSOR_DEFINITIONS = (
					"DEBUG=1",
					"$(inherited)",
				);
				GCC_WARN_64_TO_32_BIT_CONVERSION = YES;
				GCC_WARN_ABOUT_RETURN_TYPE = YES_ERROR;
				GCC_WARN_UNDECLARED_SELECTOR = YES;
				GCC_WARN_UNINITIALIZED_AUTOS = YES_AGGRESSIVE;
				GCC_WARN_UNUSED_FUNCTION = YES;
				GCC_WARN_UNUSED_VARIABLE = YES;
				IPHONEOS_DEPLOYMENT_TARGET = 12.1;
				MTL_ENABLE_DEBUG_INFO = INCLUDE_SOURCE;
				MTL_FAST_MATH = YES;
				ONLY_ACTIVE_ARCH = YES;
				SDKROOT = iphoneos;
			};
			name = Debug;
		};
		9EB6AA3A225F8E2E009E2625 /* Release */ = {
			isa = XCBuildConfiguration;
			buildSettings = {
				ALWAYS_SEARCH_USER_PATHS = NO;
				CLANG_ANALYZER_NONNULL = YES;
				CLANG_ANALYZER_NUMBER_OBJECT_CONVERSION = YES_AGGRESSIVE;
				CLANG_CXX_LANGUAGE_STANDARD = "gnu++14";
				CLANG_CXX_LIBRARY = "libc++";
				CLANG_ENABLE_MODULES = YES;
				CLANG_ENABLE_OBJC_ARC = YES;
				CLANG_ENABLE_OBJC_WEAK = YES;
				CLANG_WARN_BLOCK_CAPTURE_AUTORELEASING = YES;
				CLANG_WARN_BOOL_CONVERSION = YES;
				CLANG_WARN_COMMA = YES;
				CLANG_WARN_CONSTANT_CONVERSION = YES;
				CLANG_WARN_DEPRECATED_OBJC_IMPLEMENTATIONS = YES;
				CLANG_WARN_DIRECT_OBJC_ISA_USAGE = YES_ERROR;
				CLANG_WARN_DOCUMENTATION_COMMENTS = YES;
				CLANG_WARN_EMPTY_BODY = YES;
				CLANG_WARN_ENUM_CONVERSION = YES;
				CLANG_WARN_INFINITE_RECURSION = YES;
				CLANG_WARN_INT_CONVERSION = YES;
				CLANG_WARN_NON_LITERAL_NULL_CONVERSION = YES;
				CLANG_WARN_OBJC_IMPLICIT_RETAIN_SELF = YES;
				CLANG_WARN_OBJC_LITERAL_CONVERSION = YES;
				CLANG_WARN_OBJC_ROOT_CLASS = YES_ERROR;
				CLANG_WARN_RANGE_LOOP_ANALYSIS = YES;
				CLANG_WARN_STRICT_PROTOTYPES = YES;
				CLANG_WARN_SUSPICIOUS_MOVE = YES;
				CLANG_WARN_UNGUARDED_AVAILABILITY = YES_AGGRESSIVE;
				CLANG_WARN_UNREACHABLE_CODE = YES;
				CLANG_WARN__DUPLICATE_METHOD_MATCH = YES;
				CODE_SIGN_IDENTITY = "iPhone Developer";
				COPY_PHASE_STRIP = NO;
				DEBUG_INFORMATION_FORMAT = "dwarf-with-dsym";
				ENABLE_NS_ASSERTIONS = NO;
				ENABLE_STRICT_OBJC_MSGSEND = YES;
				GCC_C_LANGUAGE_STANDARD = gnu11;
				GCC_NO_COMMON_BLOCKS = YES;
				GCC_WARN_64_TO_32_BIT_CONVERSION = YES;
				GCC_WARN_ABOUT_RETURN_TYPE = YES_ERROR;
				GCC_WARN_UNDECLARED_SELECTOR = YES;
				GCC_WARN_UNINITIALIZED_AUTOS = YES_AGGRESSIVE;
				GCC_WARN_UNUSED_FUNCTION = YES;
				GCC_WARN_UNUSED_VARIABLE = YES;
				IPHONEOS_DEPLOYMENT_TARGET = 12.1;
				MTL_ENABLE_DEBUG_INFO = NO;
				MTL_FAST_MATH = YES;
				SDKROOT = iphoneos;
				VALIDATE_PRODUCT = YES;
			};
			name = Release;
		};
		9EB6AA3C225F8E2E009E2625 /* Debug */ = {
			isa = XCBuildConfiguration;
			buildSettings = {
				ASSETCATALOG_COMPILER_APPICON_NAME = AppIcon;
				CODE_SIGN_STYLE = Automatic;
				INFOPLIST_FILE = Validation/Info.plist;
				LD_RUNPATH_SEARCH_PATHS = (
					"$(inherited)",
					"@executable_path/Frameworks",
				);
				PRODUCT_BUNDLE_IDENTIFIER = "JETS-INTAKE39.Validation";
				PRODUCT_NAME = "$(TARGET_NAME)";
				TARGETED_DEVICE_FAMILY = "1,2";
			};
			name = Debug;
		};
		9EB6AA3D225F8E2E009E2625 /* Release */ = {
			isa = XCBuildConfiguration;
			buildSettings = {
				ASSETCATALOG_COMPILER_APPICON_NAME = AppIcon;
				CODE_SIGN_STYLE = Automatic;
				INFOPLIST_FILE = Validation/Info.plist;
				LD_RUNPATH_SEARCH_PATHS = (
					"$(inherited)",
					"@executable_path/Frameworks",
				);
				PRODUCT_BUNDLE_IDENTIFIER = "JETS-INTAKE39.Validation";
				PRODUCT_NAME = "$(TARGET_NAME)";
				TARGETED_DEVICE_FAMILY = "1,2";
			};
			name = Release;
		};
/* End XCBuildConfiguration section */

/* Begin XCConfigurationList section */
		9EB6AA20225F8E2D009E2625 /* Build configuration list for PBXProject "Validation" */ = {
			isa = XCConfigurationList;
			buildConfigurations = (
				9EB6AA39225F8E2E009E2625 /* Debug */,
				9EB6AA3A225F8E2E009E2625 /* Release */,
			);
			defaultConfigurationIsVisible = 0;
			defaultConfigurationName = Release;
		};
		9EB6AA3B225F8E2E009E2625 /* Build configuration list for PBXNativeTarget "Validation" */ = {
			isa = XCConfigurationList;
			buildConfigurations = (
				9EB6AA3C225F8E2E009E2625 /* Debug */,
				9EB6AA3D225F8E2E009E2625 /* Release */,
			);
			defaultConfigurationIsVisible = 0;
			defaultConfigurationName = Release;
		};
/* End XCConfigurationList section */
	};
	rootObject = 9EB6AA1D225F8E2D009E2625 /* Project object */;
}
