// !$*UTF8*$!
{
	archiveVersion = 1;
	classes = {
	};
	objectVersion = 50;
	objects = {

/* Begin PBXBuildFile section */
		9E3DD0CE226DDC1800BCD04D /* AppDelegate.m in Sources */ = {isa = PBXBuildFile; fileRef = 9E3DD0CD226DDC1800BCD04D /* AppDelegate.m */; };
		9E3DD0D1226DDC1800BCD04D /* ViewController.m in Sources */ = {isa = PBXBuildFile; fileRef = 9E3DD0D0226DDC1800BCD04D /* ViewController.m */; };
		9E3DD0D4226DDC1800BCD04D /* Main.storyboard in Resources */ = {isa = PBXBuildFile; fileRef = 9E3DD0D2226DDC1800BCD04D /* Main.storyboard */; };
		9E3DD0D6226DDC1900BCD04D /* Assets.xcassets in Resources */ = {isa = PBXBuildFile; fileRef = 9E3DD0D5226DDC1900BCD04D /* Assets.xcassets */; };
		9E3DD0D9226DDC1900BCD04D /* LaunchScreen.storyboard in Resources */ = {isa = PBXBuildFile; fileRef = 9E3DD0D7226DDC1900BCD04D /* LaunchScreen.storyboard */; };
		9E3DD0DC226DDC1900BCD04D /* main.m in Sources */ = {isa = PBXBuildFile; fileRef = 9E3DD0DB226DDC1900BCD04D /* main.m */; };
/* End PBXBuildFile section */

/* Begin PBXFileReference section */
		9E3DD0C9226DDC1800BCD04D /* LoginUsingUserDefault.app */ = {isa = PBXFileReference; explicitFileType = wrapper.application; includeInIndex = 0; path = LoginUsingUserDefault.app; sourceTree = BUILT_PRODUCTS_DIR; };
		9E3DD0CC226DDC1800BCD04D /* AppDelegate.h */ = {isa = PBXFileReference; lastKnownFileType = sourcecode.c.h; path = AppDelegate.h; sourceTree = "<group>"; };
		9E3DD0CD226DDC1800BCD04D /* AppDelegate.m */ = {isa = PBXFileReference; lastKnownFileType = sourcecode.c.objc; path = AppDelegate.m; sourceTree = "<group>"; };
		9E3DD0CF226DDC1800BCD04D /* ViewController.h */ = {isa = PBXFileReference; lastKnownFileType = sourcecode.c.h; path = ViewController.h; sourceTree = "<group>"; };
		9E3DD0D0226DDC1800BCD04D /* ViewController.m */ = {isa = PBXFileReference; lastKnownFileType = sourcecode.c.objc; path = ViewController.m; sourceTree = "<group>"; };
		9E3DD0D3226DDC1800BCD04D /* Base */ = {isa = PBXFileReference; lastKnownFileType = file.storyboard; name = Base; path = Base.lproj/Main.storyboard; sourceTree = "<group>"; };
		9E3DD0D5226DDC1900BCD04D /* Assets.xcassets */ = {isa = PBXFileReference; lastKnownFileType = folder.assetcatalog; path = Assets.xcassets; sourceTree = "<group>"; };
		9E3DD0D8226DDC1900BCD04D /* Base */ = {isa = PBXFileReference; lastKnownFileType = file.storyboard; name = Base; path = Base.lproj/LaunchScreen.storyboard; sourceTree = "<group>"; };
		9E3DD0DA226DDC1900BCD04D /* Info.plist */ = {isa = PBXFileReference; lastKnownFileType = text.plist.xml; path = Info.plist; sourceTree = "<group>"; };
		9E3DD0DB226DDC1900BCD04D /* main.m */ = {isa = PBXFileReference; lastKnownFileType = sourcecode.c.objc; path = main.m; sourceTree = "<group>"; };
/* End PBXFileReference section */

/* Begin PBXFrameworksBuildPhase section */
		9E3DD0C6226DDC1800BCD04D /* Frameworks */ = {
			isa = PBXFrameworksBuildPhase;
			buildActionMask = 2147483647;
			files = (
			);
			runOnlyForDeploymentPostprocessing = 0;
		};
/* End PBXFrameworksBuildPhase section */

/* Begin PBXGroup section */
		9E3DD0C0226DDC1800BCD04D = {
			isa = PBXGroup;
			children = (
				9E3DD0CB226DDC1800BCD04D /* LoginUsingUserDefault */,
				9E3DD0CA226DDC1800BCD04D /* Products */,
			);
			sourceTree = "<group>";
		};
		9E3DD0CA226DDC1800BCD04D /* Products */ = {
			isa = PBXGroup;
			children = (
				9E3DD0C9226DDC1800BCD04D /* LoginUsingUserDefault.app */,
			);
			name = Products;
			sourceTree = "<group>";
		};
		9E3DD0CB226DDC1800BCD04D /* LoginUsingUserDefault */ = {
			isa = PBXGroup;
			children = (
				9E3DD0CC226DDC1800BCD04D /* AppDelegate.h */,
				9E3DD0CD226DDC1800BCD04D /* AppDelegate.m */,
				9E3DD0CF226DDC1800BCD04D /* ViewController.h */,
				9E3DD0D0226DDC1800BCD04D /* ViewController.m */,
				9E3DD0D2226DDC1800BCD04D /* Main.storyboard */,
				9E3DD0D5226DDC1900BCD04D /* Assets.xcassets */,
				9E3DD0D7226DDC1900BCD04D /* LaunchScreen.storyboard */,
				9E3DD0DA226DDC1900BCD04D /* Info.plist */,
				9E3DD0DB226DDC1900BCD04D /* main.m */,
			);
			path = LoginUsingUserDefault;
			sourceTree = "<group>";
		};
/* End PBXGroup section */

/* Begin PBXNativeTarget section */
		9E3DD0C8226DDC1800BCD04D /* LoginUsingUserDefault */ = {
			isa = PBXNativeTarget;
			buildConfigurationList = 9E3DD0DF226DDC1900BCD04D /* Build configuration list for PBXNativeTarget "LoginUsingUserDefault" */;
			buildPhases = (
				9E3DD0C5226DDC1800BCD04D /* Sources */,
				9E3DD0C6226DDC1800BCD04D /* Frameworks */,
				9E3DD0C7226DDC1800BCD04D /* Resources */,
			);
			buildRules = (
			);
			dependencies = (
			);
			name = LoginUsingUserDefault;
			productName = LoginUsingUserDefault;
			productReference = 9E3DD0C9226DDC1800BCD04D /* LoginUsingUserDefault.app */;
			productType = "com.apple.product-type.application";
		};
/* End PBXNativeTarget section */

/* Begin PBXProject section */
		9E3DD0C1226DDC1800BCD04D /* Project object */ = {
			isa = PBXProject;
			attributes = {
				LastUpgradeCheck = 1010;
				ORGANIZATIONNAME = ITI;
				TargetAttributes = {
					9E3DD0C8226DDC1800BCD04D = {
						CreatedOnToolsVersion = 10.1;
					};
				};
			};
			buildConfigurationList = 9E3DD0C4226DDC1800BCD04D /* Build configuration list for PBXProject "LoginUsingUserDefault" */;
			compatibilityVersion = "Xcode 9.3";
			developmentRegion = en;
			hasScannedForEncodings = 0;
			knownRegions = (
				en,
				Base,
			);
			mainGroup = 9E3DD0C0226DDC1800BCD04D;
			productRefGroup = 9E3DD0CA226DDC1800BCD04D /* Products */;
			projectDirPath = "";
			projectRoot = "";
			targets = (
				9E3DD0C8226DDC1800BCD04D /* LoginUsingUserDefault */,
			);
		};
/* End PBXProject section */

/* Begin PBXResourcesBuildPhase section */
		9E3DD0C7226DDC1800BCD04D /* Resources */ = {
			isa = PBXResourcesBuildPhase;
			buildActionMask = 2147483647;
			files = (
				9E3DD0D9226DDC1900BCD04D /* LaunchScreen.storyboard in Resources */,
				9E3DD0D6226DDC1900BCD04D /* Assets.xcassets in Resources */,
				9E3DD0D4226DDC1800BCD04D /* Main.storyboard in Resources */,
			);
			runOnlyForDeploymentPostprocessing = 0;
		};
/* End PBXResourcesBuildPhase section */

/* Begin PBXSourcesBuildPhase section */
		9E3DD0C5226DDC1800BCD04D /* Sources */ = {
			isa = PBXSourcesBuildPhase;
			buildActionMask = 2147483647;
			files = (
				9E3DD0D1226DDC1800BCD04D /* ViewController.m in Sources */,
				9E3DD0DC226DDC1900BCD04D /* main.m in Sources */,
				9E3DD0CE226DDC1800BCD04D /* AppDelegate.m in Sources */,
			);
			runOnlyForDeploymentPostprocessing = 0;
		};
/* End PBXSourcesBuildPhase section */

/* Begin PBXVariantGroup section */
		9E3DD0D2226DDC1800BCD04D /* Main.storyboard */ = {
			isa = PBXVariantGroup;
			children = (
				9E3DD0D3226DDC1800BCD04D /* Base */,
			);
			name = Main.storyboard;
			sourceTree = "<group>";
		};
		9E3DD0D7226DDC1900BCD04D /* LaunchScreen.storyboard */ = {
			isa = PBXVariantGroup;
			children = (
				9E3DD0D8226DDC1900BCD04D /* Base */,
			);
			name = LaunchScreen.storyboard;
			sourceTree = "<group>";
		};
/* End PBXVariantGroup section */

/* Begin XCBuildConfiguration section */
		9E3DD0DD226DDC1900BCD04D /* Debug */ = {
			isa = XCBuildConfiguration;
			buildSettings = {
				ALWAYS_SEARCH_USER_PATHS = NO;
				CLANG_ANALYZER_NONNULL = YES;
				CLANG_ANALYZER_NUMBER_OBJECT_CONVERSION = YES_AGGRESSIVE;
				CLANG_CXX_LANGUAGE_STANDARD = "gnu++14";
				CLANG_CXX_LIBRARY = "libc++";
				CLANG_ENABLE_MODULES = YES;
				CLANG_ENABLE_OBJC_ARC = YES;
				CLANG_ENABLE_OBJC_WEAK = YES;
				CLANG_WARN_BLOCK_CAPTURE_AUTORELEASING = YES;
				CLANG_WARN_BOOL_CONVERSION = YES;
				CLANG_WARN_COMMA = YES;
				CLANG_WARN_CONSTANT_CONVERSION = YES;
				CLANG_WARN_DEPRECATED_OBJC_IMPLEMENTATIONS = YES;
				CLANG_WARN_DIRECT_OBJC_ISA_USAGE = YES_ERROR;
				CLANG_WARN_DOCUMENTATION_COMMENTS = YES;
				CLANG_WARN_EMPTY_BODY = YES;
				CLANG_WARN_ENUM_CONVERSION = YES;
				CLANG_WARN_INFINITE_RECURSION = YES;
				CLANG_WARN_INT_CONVERSION = YES;
				CLANG_WARN_NON_LITERAL_NULL_CONVERSION = YES;
				CLANG_WARN_OBJC_IMPLICIT_RETAIN_SELF = YES;
				CLANG_WARN_OBJC_LITERAL_CONVERSION = YES;
				CLANG_WARN_OBJC_ROOT_CLASS = YES_ERROR;
				CLANG_WARN_RANGE_LOOP_ANALYSIS = YES;
				CLANG_WARN_STRICT_PROTOTYPES = YES;
				CLANG_WARN_SUSPICIOUS_MOVE = YES;
				CLANG_WARN_UNGUARDED_AVAILABILITY = YES_AGGRESSIVE;
				CLANG_WARN_UNREACHABLE_CODE = YES;
				CLANG_WARN__DUPLICATE_METHOD_MATCH = YES;
				CODE_SIGN_IDENTITY = "iPhone Developer";
				COPY_PHASE_STRIP = NO;
				DEBUG_INFORMATION_FORMAT = dwarf;
				ENABLE_STRICT_OBJC_MSGSEND = YES;
				ENABLE_TESTABILITY = YES;
				GCC_C_LANGUAGE_STANDARD = gnu11;
				GCC_DYNAMIC_NO_PIC = NO;
				GCC_NO_COMMON_BLOCKS = YES;
				GCC_OPTIMIZATION_LEVEL = 0;
				GCC_PREPROCESSOR_DEFINITIONS = (
					"DEBUG=1",
					"$(inherited)",
				);
				GCC_WARN_64_TO_32_BIT_CONVERSION = YES;
				GCC_WARN_ABOUT_RETURN_TYPE = YES_ERROR;
				GCC_WARN_UNDECLARED_SELECTOR = YES;
				GCC_WARN_UNINITIALIZED_AUTOS = YES_AGGRESSIVE;
				GCC_WARN_UNUSED_FUNCTION = YES;
				GCC_WARN_UNUSED_VARIABLE = YES;
				IPHONEOS_DEPLOYMENT_TARGET = 12.1;
				MTL_ENABLE_DEBUG_INFO = INCLUDE_SOURCE;
				MTL_FAST_MATH = YES;
				ONLY_ACTIVE_ARCH = YES;
				SDKROOT = iphoneos;
			};
			name = Debug;
		};
		9E3DD0DE226DDC1900BCD04D /* Release */ = {
			isa = XCBuildConfiguration;
			buildSettings = {
				ALWAYS_SEARCH_USER_PATHS = NO;
				CLANG_ANALYZER_NONNULL = YES;
				CLANG_ANALYZER_NUMBER_OBJECT_CONVERSION = YES_AGGRESSIVE;
				CLANG_CXX_LANGUAGE_STANDARD = "gnu++14";
				CLANG_CXX_LIBRARY = "libc++";
				CLANG_ENABLE_MODULES = YES;
				CLANG_ENABLE_OBJC_ARC = YES;
				CLANG_ENABLE_OBJC_WEAK = YES;
				CLANG_WARN_BLOCK_CAPTURE_AUTORELEASING = YES;
				CLANG_WARN_BOOL_CONVERSION = YES;
				CLANG_WARN_COMMA = YES;
				CLANG_WARN_CONSTANT_CONVERSION = YES;
				CLANG_WARN_DEPRECATED_OBJC_IMPLEMENTATIONS = YES;
				CLANG_WARN_DIRECT_OBJC_ISA_USAGE = YES_ERROR;
				CLANG_WARN_DOCUMENTATION_COMMENTS = YES;
				CLANG_WARN_EMPTY_BODY = YES;
				CLANG_WARN_ENUM_CONVERSION = YES;
				CLANG_WARN_INFINITE_RECURSION = YES;
				CLANG_WARN_INT_CONVERSION = YES;
				CLANG_WARN_NON_LITERAL_NULL_CONVERSION = YES;
				CLANG_WARN_OBJC_IMPLICIT_RETAIN_SELF = YES;
				CLANG_WARN_OBJC_LITERAL_CONVERSION = YES;
				CLANG_WARN_OBJC_ROOT_CLASS = YES_ERROR;
				CLANG_WARN_RANGE_LOOP_ANALYSIS = YES;
				CLANG_WARN_STRICT_PROTOTYPES = YES;
				CLANG_WARN_SUSPICIOUS_MOVE = YES;
				CLANG_WARN_UNGUARDED_AVAILABILITY = YES_AGGRESSIVE;
				CLANG_WARN_UNREACHABLE_CODE = YES;
				CLANG_WARN__DUPLICATE_METHOD_MATCH = YES;
				CODE_SIGN_IDENTITY = "iPhone Developer";
				COPY_PHASE_STRIP = NO;
				DEBUG_INFORMATION_FORMAT = "dwarf-with-dsym";
				ENABLE_NS_ASSERTIONS = NO;
				ENABLE_STRICT_OBJC_MSGSEND = YES;
				GCC_C_LANGUAGE_STANDARD = gnu11;
				GCC_NO_COMMON_BLOCKS = YES;
				GCC_WARN_64_TO_32_BIT_CONVERSION = YES;
				GCC_WARN_ABOUT_RETURN_TYPE = YES_ERROR;
				GCC_WARN_UNDECLARED_SELECTOR = YES;
				GCC_WARN_UNINITIALIZED_AUTOS = YES_AGGRESSIVE;
				GCC_WARN_UNUSED_FUNCTION = YES;
				GCC_WARN_UNUSED_VARIABLE = YES;
				IPHONEOS_DEPLOYMENT_TARGET = 12.1;
				MTL_ENABLE_DEBUG_INFO = NO;
				MTL_FAST_MATH = YES;
				SDKROOT = iphoneos;
				VALIDATE_PRODUCT = YES;
			};
			name = Release;
		};
		9E3DD0E0226DDC1900BCD04D /* Debug */ = {
			isa = XCBuildConfiguration;
			buildSettings = {
				ASSETCATALOG_COMPILER_APPICON_NAME = AppIcon;
				CODE_SIGN_STYLE = Automatic;
				INFOPLIST_FILE = LoginUsingUserDefault/Info.plist;
				LD_RUNPATH_SEARCH_PATHS = (
					"$(inherited)",
					"@executable_path/Frameworks",
				);
				PRODUCT_BUNDLE_IDENTIFIER = "JETS-INTAKE39.LoginUsingUserDefault";
				PRODUCT_NAME = "$(TARGET_NAME)";
				TARGETED_DEVICE_FAMILY = "1,2";
			};
			name = Debug;
		};
		9E3DD0E1226DDC1900BCD04D /* Release */ = {
			isa = XCBuildConfiguration;
			buildSettings = {
				ASSETCATALOG_COMPILER_APPICON_NAME = AppIcon;
				CODE_SIGN_STYLE = Automatic;
				INFOPLIST_FILE = LoginUsingUserDefault/Info.plist;
				LD_RUNPATH_SEARCH_PATHS = (
					"$(inherited)",
					"@executable_path/Frameworks",
				);
				PRODUCT_BUNDLE_IDENTIFIER = "JETS-INTAKE39.LoginUsingUserDefault";
				PRODUCT_NAME = "$(TARGET_NAME)";
				TARGETED_DEVICE_FAMILY = "1,2";
			};
			name = Release;
		};
/* End XCBuildConfiguration section */

/* Begin XCConfigurationList section */
		9E3DD0C4226DDC1800BCD04D /* Build configuration list for PBXProject "LoginUsingUserDefault" */ = {
			isa = XCConfigurationList;
			buildConfigurations = (
				9E3DD0DD226DDC1900BCD04D /* Debug */,
				9E3DD0DE226DDC1900BCD04D /* Release */,
			);
			defaultConfigurationIsVisible = 0;
			defaultConfigurationName = Release;
		};
		9E3DD0DF226DDC1900BCD04D /* Build configuration list for PBXNativeTarget "LoginUsingUserDefault" */ = {
			isa = XCConfigurationList;
			buildConfigurations = (
				9E3DD0E0226DDC1900BCD04D /* Debug */,
				9E3DD0E1226DDC1900BCD04D /* Release */,
			);
			defaultConfigurationIsVisible = 0;
			defaultConfigurationName = Release;
		};
/* End XCConfigurationList section */
	};
	rootObject = 9E3DD0C1226DDC1800BCD04D /* Project object */;
}
