// !$*UTF8*$!
{
	archiveVersion = 1;
	classes = {
	};
	objectVersion = 50;
	objects = {

/* Begin PBXBuildFile section */
		9E0CA0F022704553005E2A3F /* AppDelegate.m in Sources */ = {isa = PBXBuildFile; fileRef = 9E0CA0EF22704553005E2A3F /* AppDelegate.m */; };
		9E0CA0F322704553005E2A3F /* ViewController.m in Sources */ = {isa = PBXBuildFile; fileRef = 9E0CA0F222704553005E2A3F /* ViewController.m */; };
		9E0CA0F622704553005E2A3F /* Main.storyboard in Resources */ = {isa = PBXBuildFile; fileRef = 9E0CA0F422704553005E2A3F /* Main.storyboard */; };
		9E0CA0F822704555005E2A3F /* Assets.xcassets in Resources */ = {isa = PBXBuildFile; fileRef = 9E0CA0F722704555005E2A3F /* Assets.xcassets */; };
		9E0CA0FB22704555005E2A3F /* LaunchScreen.storyboard in Resources */ = {isa = PBXBuildFile; fileRef = 9E0CA0F922704555005E2A3F /* LaunchScreen.storyboard */; };
		9E0CA0FE22704555005E2A3F /* main.m in Sources */ = {isa = PBXBuildFile; fileRef = 9E0CA0FD22704555005E2A3F /* main.m */; };
		9E0CA1062270464C005E2A3F /* MyTableViewController.m in Sources */ = {isa = PBXBuildFile; fileRef = 9E0CA1052270464C005E2A3F /* MyTableViewController.m */; };
		9E0CA1082270494A005E2A3F /* female.png in Resources */ = {isa = PBXBuildFile; fileRef = 9E0CA1072270494A005E2A3F /* female.png */; };
		9E0CA10B22704AE7005E2A3F /* MyTableViewCell.m in Sources */ = {isa = PBXBuildFile; fileRef = 9E0CA10A22704AE7005E2A3F /* MyTableViewCell.m */; };
/* End PBXBuildFile section */

/* Begin PBXFileReference section */
		9E0CA0EB22704553005E2A3F /* CustomTableViewCell.app */ = {isa = PBXFileReference; explicitFileType = wrapper.application; includeInIndex = 0; path = CustomTableViewCell.app; sourceTree = BUILT_PRODUCTS_DIR; };
		9E0CA0EE22704553005E2A3F /* AppDelegate.h */ = {isa = PBXFileReference; lastKnownFileType = sourcecode.c.h; path = AppDelegate.h; sourceTree = "<group>"; };
		9E0CA0EF22704553005E2A3F /* AppDelegate.m */ = {isa = PBXFileReference; lastKnownFileType = sourcecode.c.objc; path = AppDelegate.m; sourceTree = "<group>"; };
		9E0CA0F122704553005E2A3F /* ViewController.h */ = {isa = PBXFileReference; lastKnownFileType = sourcecode.c.h; path = ViewController.h; sourceTree = "<group>"; };
		9E0CA0F222704553005E2A3F /* ViewController.m */ = {isa = PBXFileReference; lastKnownFileType = sourcecode.c.objc; path = ViewController.m; sourceTree = "<group>"; };
		9E0CA0F522704553005E2A3F /* Base */ = {isa = PBXFileReference; lastKnownFileType = file.storyboard; name = Base; path = Base.lproj/Main.storyboard; sourceTree = "<group>"; };
		9E0CA0F722704555005E2A3F /* Assets.xcassets */ = {isa = PBXFileReference; lastKnownFileType = folder.assetcatalog; path = Assets.xcassets; sourceTree = "<group>"; };
		9E0CA0FA22704555005E2A3F /* Base */ = {isa = PBXFileReference; lastKnownFileType = file.storyboard; name = Base; path = Base.lproj/LaunchScreen.storyboard; sourceTree = "<group>"; };
		9E0CA0FC22704555005E2A3F /* Info.plist */ = {isa = PBXFileReference; lastKnownFileType = text.plist.xml; path = Info.plist; sourceTree = "<group>"; };
		9E0CA0FD22704555005E2A3F /* main.m */ = {isa = PBXFileReference; lastKnownFileType = sourcecode.c.objc; path = main.m; sourceTree = "<group>"; };
		9E0CA1042270464C005E2A3F /* MyTableViewController.h */ = {isa = PBXFileReference; lastKnownFileType = sourcecode.c.h; path = MyTableViewController.h; sourceTree = "<group>"; };
		9E0CA1052270464C005E2A3F /* MyTableViewController.m */ = {isa = PBXFileReference; lastKnownFileType = sourcecode.c.objc; path = MyTableViewController.m; sourceTree = "<group>"; };
		9E0CA1072270494A005E2A3F /* female.png */ = {isa = PBXFileReference; lastKnownFileType = image.png; path = female.png; sourceTree = "<group>"; };
		9E0CA10922704AE7005E2A3F /* MyTableViewCell.h */ = {isa = PBXFileReference; lastKnownFileType = sourcecode.c.h; path = MyTableViewCell.h; sourceTree = "<group>"; };
		9E0CA10A22704AE7005E2A3F /* MyTableViewCell.m */ = {isa = PBXFileReference; lastKnownFileType = sourcecode.c.objc; path = MyTableViewCell.m; sourceTree = "<group>"; };
/* End PBXFileReference section */

/* Begin PBXFrameworksBuildPhase section */
		9E0CA0E822704553005E2A3F /* Frameworks */ = {
			isa = PBXFrameworksBuildPhase;
			buildActionMask = 2147483647;
			files = (
			);
			runOnlyForDeploymentPostprocessing = 0;
		};
/* End PBXFrameworksBuildPhase section */

/* Begin PBXGroup section */
		9E0CA0E222704553005E2A3F = {
			isa = PBXGroup;
			children = (
				9E0CA0ED22704553005E2A3F /* CustomTableViewCell */,
				9E0CA0EC22704553005E2A3F /* Products */,
			);
			sourceTree = "<group>";
		};
		9E0CA0EC22704553005E2A3F /* Products */ = {
			isa = PBXGroup;
			children = (
				9E0CA0EB22704553005E2A3F /* CustomTableViewCell.app */,
			);
			name = Products;
			sourceTree = "<group>";
		};
		9E0CA0ED22704553005E2A3F /* CustomTableViewCell */ = {
			isa = PBXGroup;
			children = (
				9E0CA1072270494A005E2A3F /* female.png */,
				9E0CA0EE22704553005E2A3F /* AppDelegate.h */,
				9E0CA0EF22704553005E2A3F /* AppDelegate.m */,
				9E0CA0F122704553005E2A3F /* ViewController.h */,
				9E0CA0F222704553005E2A3F /* ViewController.m */,
				9E0CA0F422704553005E2A3F /* Main.storyboard */,
				9E0CA0F722704555005E2A3F /* Assets.xcassets */,
				9E0CA0F922704555005E2A3F /* LaunchScreen.storyboard */,
				9E0CA0FC22704555005E2A3F /* Info.plist */,
				9E0CA0FD22704555005E2A3F /* main.m */,
				9E0CA1042270464C005E2A3F /* MyTableViewController.h */,
				9E0CA1052270464C005E2A3F /* MyTableViewController.m */,
				9E0CA10922704AE7005E2A3F /* MyTableViewCell.h */,
				9E0CA10A22704AE7005E2A3F /* MyTableViewCell.m */,
			);
			path = CustomTableViewCell;
			sourceTree = "<group>";
		};
/* End PBXGroup section */

/* Begin PBXNativeTarget section */
		9E0CA0EA22704553005E2A3F /* CustomTableViewCell */ = {
			isa = PBXNativeTarget;
			buildConfigurationList = 9E0CA10122704555005E2A3F /* Build configuration list for PBXNativeTarget "CustomTableViewCell" */;
			buildPhases = (
				9E0CA0E722704553005E2A3F /* Sources */,
				9E0CA0E822704553005E2A3F /* Frameworks */,
				9E0CA0E922704553005E2A3F /* Resources */,
			);
			buildRules = (
			);
			dependencies = (
			);
			name = CustomTableViewCell;
			productName = CustomTableViewCell;
			productReference = 9E0CA0EB22704553005E2A3F /* CustomTableViewCell.app */;
			productType = "com.apple.product-type.application";
		};
/* End PBXNativeTarget section */

/* Begin PBXProject section */
		9E0CA0E322704553005E2A3F /* Project object */ = {
			isa = PBXProject;
			attributes = {
				LastUpgradeCheck = 1010;
				ORGANIZATIONNAME = ITI;
				TargetAttributes = {
					9E0CA0EA22704553005E2A3F = {
						CreatedOnToolsVersion = 10.1;
					};
				};
			};
			buildConfigurationList = 9E0CA0E622704553005E2A3F /* Build configuration list for PBXProject "CustomTableViewCell" */;
			compatibilityVersion = "Xcode 9.3";
			developmentRegion = en;
			hasScannedForEncodings = 0;
			knownRegions = (
				en,
				Base,
			);
			mainGroup = 9E0CA0E222704553005E2A3F;
			productRefGroup = 9E0CA0EC22704553005E2A3F /* Products */;
			projectDirPath = "";
			projectRoot = "";
			targets = (
				9E0CA0EA22704553005E2A3F /* CustomTableViewCell */,
			);
		};
/* End PBXProject section */

/* Begin PBXResourcesBuildPhase section */
		9E0CA0E922704553005E2A3F /* Resources */ = {
			isa = PBXResourcesBuildPhase;
			buildActionMask = 2147483647;
			files = (
				9E0CA0FB22704555005E2A3F /* LaunchScreen.storyboard in Resources */,
				9E0CA0F822704555005E2A3F /* Assets.xcassets in Resources */,
				9E0CA0F622704553005E2A3F /* Main.storyboard in Resources */,
				9E0CA1082270494A005E2A3F /* female.png in Resources */,
			);
			runOnlyForDeploymentPostprocessing = 0;
		};
/* End PBXResourcesBuildPhase section */

/* Begin PBXSourcesBuildPhase section */
		9E0CA0E722704553005E2A3F /* Sources */ = {
			isa = PBXSourcesBuildPhase;
			buildActionMask = 2147483647;
			files = (
				9E0CA0F322704553005E2A3F /* ViewController.m in Sources */,
				9E0CA0FE22704555005E2A3F /* main.m in Sources */,
				9E0CA0F022704553005E2A3F /* AppDelegate.m in Sources */,
				9E0CA1062270464C005E2A3F /* MyTableViewController.m in Sources */,
				9E0CA10B22704AE7005E2A3F /* MyTableViewCell.m in Sources */,
			);
			runOnlyForDeploymentPostprocessing = 0;
		};
/* End PBXSourcesBuildPhase section */

/* Begin PBXVariantGroup section */
		9E0CA0F422704553005E2A3F /* Main.storyboard */ = {
			isa = PBXVariantGroup;
			children = (
				9E0CA0F522704553005E2A3F /* Base */,
			);
			name = Main.storyboard;
			sourceTree = "<group>";
		};
		9E0CA0F922704555005E2A3F /* LaunchScreen.storyboard */ = {
			isa = PBXVariantGroup;
			children = (
				9E0CA0FA22704555005E2A3F /* Base */,
			);
			name = LaunchScreen.storyboard;
			sourceTree = "<group>";
		};
/* End PBXVariantGroup section */

/* Begin XCBuildConfiguration section */
		9E0CA0FF22704555005E2A3F /* Debug */ = {
			isa = XCBuildConfiguration;
			buildSettings = {
				ALWAYS_SEARCH_USER_PATHS = NO;
				CLANG_ANALYZER_NONNULL = YES;
				CLANG_ANALYZER_NUMBER_OBJECT_CONVERSION = YES_AGGRESSIVE;
				CLANG_CXX_LANGUAGE_STANDARD = "gnu++14";
				CLANG_CXX_LIBRARY = "libc++";
				CLANG_ENABLE_MODULES = YES;
				CLANG_ENABLE_OBJC_ARC = YES;
				CLANG_ENABLE_OBJC_WEAK = YES;
				CLANG_WARN_BLOCK_CAPTURE_AUTORELEASING = YES;
				CLANG_WARN_BOOL_CONVERSION = YES;
				CLANG_WARN_COMMA = YES;
				CLANG_WARN_CONSTANT_CONVERSION = YES;
				CLANG_WARN_DEPRECATED_OBJC_IMPLEMENTATIONS = YES;
				CLANG_WARN_DIRECT_OBJC_ISA_USAGE = YES_ERROR;
				CLANG_WARN_DOCUMENTATION_COMMENTS = YES;
				CLANG_WARN_EMPTY_BODY = YES;
				CLANG_WARN_ENUM_CONVERSION = YES;
				CLANG_WARN_INFINITE_RECURSION = YES;
				CLANG_WARN_INT_CONVERSION = YES;
				CLANG_WARN_NON_LITERAL_NULL_CONVERSION = YES;
				CLANG_WARN_OBJC_IMPLICIT_RETAIN_SELF = YES;
				CLANG_WARN_OBJC_LITERAL_CONVERSION = YES;
				CLANG_WARN_OBJC_ROOT_CLASS = YES_ERROR;
				CLANG_WARN_RANGE_LOOP_ANALYSIS = YES;
				CLANG_WARN_STRICT_PROTOTYPES = YES;
				CLANG_WARN_SUSPICIOUS_MOVE = YES;
				CLANG_WARN_UNGUARDED_AVAILABILITY = YES_AGGRESSIVE;
				CLANG_WARN_UNREACHABLE_CODE = YES;
				CLANG_WARN__DUPLICATE_METHOD_MATCH = YES;
				CODE_SIGN_IDENTITY = "iPhone Developer";
				COPY_PHASE_STRIP = NO;
				DEBUG_INFORMATION_FORMAT = dwarf;
				ENABLE_STRICT_OBJC_MSGSEND = YES;
				ENABLE_TESTABILITY = YES;
				GCC_C_LANGUAGE_STANDARD = gnu11;
				GCC_DYNAMIC_NO_PIC = NO;
				GCC_NO_COMMON_BLOCKS = YES;
				GCC_OPTIMIZATION_LEVEL = 0;
				GCC_PREPROCESSOR_DEFINITIONS = (
					"DEBUG=1",
					"$(inherited)",
				);
				GCC_WARN_64_TO_32_BIT_CONVERSION = YES;
				GCC_WARN_ABOUT_RETURN_TYPE = YES_ERROR;
				GCC_WARN_UNDECLARED_SELECTOR = YES;
				GCC_WARN_UNINITIALIZED_AUTOS = YES_AGGRESSIVE;
				GCC_WARN_UNUSED_FUNCTION = YES;
				GCC_WARN_UNUSED_VARIABLE = YES;
				IPHONEOS_DEPLOYMENT_TARGET = 12.1;
				MTL_ENABLE_DEBUG_INFO = INCLUDE_SOURCE;
				MTL_FAST_MATH = YES;
				ONLY_ACTIVE_ARCH = YES;
				SDKROOT = iphoneos;
			};
			name = Debug;
		};
		9E0CA10022704555005E2A3F /* Release */ = {
			isa = XCBuildConfiguration;
			buildSettings = {
				ALWAYS_SEARCH_USER_PATHS = NO;
				CLANG_ANALYZER_NONNULL = YES;
				CLANG_ANALYZER_NUMBER_OBJECT_CONVERSION = YES_AGGRESSIVE;
				CLANG_CXX_LANGUAGE_STANDARD = "gnu++14";
				CLANG_CXX_LIBRARY = "libc++";
				CLANG_ENABLE_MODULES = YES;
				CLANG_ENABLE_OBJC_ARC = YES;
				CLANG_ENABLE_OBJC_WEAK = YES;
				CLANG_WARN_BLOCK_CAPTURE_AUTORELEASING = YES;
				CLANG_WARN_BOOL_CONVERSION = YES;
				CLANG_WARN_COMMA = YES;
				CLANG_WARN_CONSTANT_CONVERSION = YES;
				CLANG_WARN_DEPRECATED_OBJC_IMPLEMENTATIONS = YES;
				CLANG_WARN_DIRECT_OBJC_ISA_USAGE = YES_ERROR;
				CLANG_WARN_DOCUMENTATION_COMMENTS = YES;
				CLANG_WARN_EMPTY_BODY = YES;
				CLANG_WARN_ENUM_CONVERSION = YES;
				CLANG_WARN_INFINITE_RECURSION = YES;
				CLANG_WARN_INT_CONVERSION = YES;
				CLANG_WARN_NON_LITERAL_NULL_CONVERSION = YES;
				CLANG_WARN_OBJC_IMPLICIT_RETAIN_SELF = YES;
				CLANG_WARN_OBJC_LITERAL_CONVERSION = YES;
				CLANG_WARN_OBJC_ROOT_CLASS = YES_ERROR;
				CLANG_WARN_RANGE_LOOP_ANALYSIS = YES;
				CLANG_WARN_STRICT_PROTOTYPES = YES;
				CLANG_WARN_SUSPICIOUS_MOVE = YES;
				CLANG_WARN_UNGUARDED_AVAILABILITY = YES_AGGRESSIVE;
				CLANG_WARN_UNREACHABLE_CODE = YES;
				CLANG_WARN__DUPLICATE_METHOD_MATCH = YES;
				CODE_SIGN_IDENTITY = "iPhone Developer";
				COPY_PHASE_STRIP = NO;
				DEBUG_INFORMATION_FORMAT = "dwarf-with-dsym";
				ENABLE_NS_ASSERTIONS = NO;
				ENABLE_STRICT_OBJC_MSGSEND = YES;
				GCC_C_LANGUAGE_STANDARD = gnu11;
				GCC_NO_COMMON_BLOCKS = YES;
				GCC_WARN_64_TO_32_BIT_CONVERSION = YES;
				GCC_WARN_ABOUT_RETURN_TYPE = YES_ERROR;
				GCC_WARN_UNDECLARED_SELECTOR = YES;
				GCC_WARN_UNINITIALIZED_AUTOS = YES_AGGRESSIVE;
				GCC_WARN_UNUSED_FUNCTION = YES;
				GCC_WARN_UNUSED_VARIABLE = YES;
				IPHONEOS_DEPLOYMENT_TARGET = 12.1;
				MTL_ENABLE_DEBUG_INFO = NO;
				MTL_FAST_MATH = YES;
				SDKROOT = iphoneos;
				VALIDATE_PRODUCT = YES;
			};
			name = Release;
		};
		9E0CA10222704555005E2A3F /* Debug */ = {
			isa = XCBuildConfiguration;
			buildSettings = {
				ASSETCATALOG_COMPILER_APPICON_NAME = AppIcon;
				CODE_SIGN_STYLE = Automatic;
				INFOPLIST_FILE = CustomTableViewCell/Info.plist;
				LD_RUNPATH_SEARCH_PATHS = (
					"$(inherited)",
					"@executable_path/Frameworks",
				);
				PRODUCT_BUNDLE_IDENTIFIER = "JETS-INTAKE39.CustomTableViewCell";
				PRODUCT_NAME = "$(TARGET_NAME)";
				TARGETED_DEVICE_FAMILY = "1,2";
			};
			name = Debug;
		};
		9E0CA10322704555005E2A3F /* Release */ = {
			isa = XCBuildConfiguration;
			buildSettings = {
				ASSETCATALOG_COMPILER_APPICON_NAME = AppIcon;
				CODE_SIGN_STYLE = Automatic;
				INFOPLIST_FILE = CustomTableViewCell/Info.plist;
				LD_RUNPATH_SEARCH_PATHS = (
					"$(inherited)",
					"@executable_path/Frameworks",
				);
				PRODUCT_BUNDLE_IDENTIFIER = "JETS-INTAKE39.CustomTableViewCell";
				PRODUCT_NAME = "$(TARGET_NAME)";
				TARGETED_DEVICE_FAMILY = "1,2";
			};
			name = Release;
		};
/* End XCBuildConfiguration section */

/* Begin XCConfigurationList section */
		9E0CA0E622704553005E2A3F /* Build configuration list for PBXProject "CustomTableViewCell" */ = {
			isa = XCConfigurationList;
			buildConfigurations = (
				9E0CA0FF22704555005E2A3F /* Debug */,
				9E0CA10022704555005E2A3F /* Release */,
			);
			defaultConfigurationIsVisible = 0;
			defaultConfigurationName = Release;
		};
		9E0CA10122704555005E2A3F /* Build configuration list for PBXNativeTarget "CustomTableViewCell" */ = {
			isa = XCConfigurationList;
			buildConfigurations = (
				9E0CA10222704555005E2A3F /* Debug */,
				9E0CA10322704555005E2A3F /* Release */,
			);
			defaultConfigurationIsVisible = 0;
			defaultConfigurationName = Release;
		};
/* End XCConfigurationList section */
	};
	rootObject = 9E0CA0E322704553005E2A3F /* Project object */;
}
